
Microsoft Visual Studio Solution File, Format Version 12.00
# Visual Studio Version 17
VisualStudioVersion = 17.4.33110.190
MinimumVisualStudioVersion = 10.0.40219.1
Project("{FAE04EC0-301F-11D3-BF4B-00C04F79EFBC}") = "khrogaapp", "khrogaapp.csproj", "{8EC22656-75FF-47AD-A4B4-95DBB5EB4F5D}"
EndProject
Global
	GlobalSection(SolutionConfigurationPlatforms) = preSolution
		Debug|Any CPU = Debug|Any CPU
		Release|Any CPU = Release|Any CPU
	EndGlobalSection
	GlobalSection(ProjectConfigurationPlatforms) = postSolution
		{8EC22656-75FF-47AD-A4B4-95DBB5EB4F5D}.Debug|Any CPU.ActiveCfg = Debug|Any CPU
		{8EC22656-75FF-47AD-A4B4-95DBB5EB4F5D}.Debug|Any CPU.Build.0 = Debug|Any CPU
		{8EC22656-75FF-47AD-A4B4-95DBB5EB4F5D}.Release|Any CPU.ActiveCfg = Release|Any CPU
		{8EC22656-75FF-47AD-A4B4-95DBB5EB4F5D}.Release|Any CPU.Build.0 = Release|Any CPU
	EndGlobalSection
	GlobalSection(SolutionProperties) = preSolution
		HideSolutionNode = FALSE
	EndGlobalSection
	GlobalSection(ExtensibilityGlobals) = postSolution
		SolutionGuid = {52D832E9-24F4-4D42-8513-AE47FCA49CBE}
	EndGlobalSection
EndGlobal
